// !$*UTF8*$!
{
	archiveVersion = 1;
	classes = {
	};
	objectVersion = 46;
	objects = {

/* Begin PBXBuildFile section */
		178EA317DA2466A1B9020D9C /* libPods.a in Frameworks */ = {isa = PBXBuildFile; fileRef = A1E637E778CBD5B535F278E6 /* libPods.a */; };
		EA3A27821CA4796B00F9DDDD /* FBSDKCoreKit.framework in Frameworks */ = {isa = PBXBuildFile; fileRef = EA3A27811CA4796B00F9DDDD /* FBSDKCoreKit.framework */; };
		EA3A27831CA4796B00F9DDDD /* FBSDKCoreKit.framework in Frameworks */ = {isa = PBXBuildFile; fileRef = EA3A27811CA4796B00F9DDDD /* FBSDKCoreKit.framework */; };
		EA3A27851CA47A8A00F9DDDD /* FBSDKLoginKit.framework in Frameworks */ = {isa = PBXBuildFile; fileRef = EA3A27841CA47A8A00F9DDDD /* FBSDKLoginKit.framework */; };
		EA3A27861CA47A8A00F9DDDD /* FBSDKLoginKit.framework in Frameworks */ = {isa = PBXBuildFile; fileRef = EA3A27841CA47A8A00F9DDDD /* FBSDKLoginKit.framework */; };
		EA50A6D81CA47F6C00B6D63A /* Podfile in Resources */ = {isa = PBXBuildFile; fileRef = EA50A6D71CA47F6C00B6D63A /* Podfile */; };
		EA65306A1CA82215006934EB /* PAMMessagerViewController.m in Sources */ = {isa = PBXBuildFile; fileRef = EA6530691CA82215006934EB /* PAMMessagerViewController.m */; };
		EA99222B1CA4766600AFBF07 /* main.m in Sources */ = {isa = PBXBuildFile; fileRef = EA99222A1CA4766600AFBF07 /* main.m */; };
		EA99222E1CA4766600AFBF07 /* AppDelegate.m in Sources */ = {isa = PBXBuildFile; fileRef = EA99222D1CA4766600AFBF07 /* AppDelegate.m */; };
		EA9922311CA4766600AFBF07 /* PAMLoginViewController.m in Sources */ = {isa = PBXBuildFile; fileRef = EA9922301CA4766600AFBF07 /* PAMLoginViewController.m */; };
		EA9922361CA4766600AFBF07 /* Images.xcassets in Resources */ = {isa = PBXBuildFile; fileRef = EA9922351CA4766600AFBF07 /* Images.xcassets */; };
		EA9922391CA4766600AFBF07 /* LaunchScreen.xib in Resources */ = {isa = PBXBuildFile; fileRef = EA9922371CA4766600AFBF07 /* LaunchScreen.xib */; };
		EA9922451CA4766600AFBF07 /* MessengerFBTests.m in Sources */ = {isa = PBXBuildFile; fileRef = EA9922441CA4766600AFBF07 /* MessengerFBTests.m */; };
		EAB2C9D61CA6E8EC00F78E5A /* PAMUsersTableViewController.m in Sources */ = {isa = PBXBuildFile; fileRef = EAB2C9D51CA6E8EC00F78E5A /* PAMUsersTableViewController.m */; };
		EAB2C9D91CA6F77100F78E5A /* Main.storyboard in Resources */ = {isa = PBXBuildFile; fileRef = EAB2C9D71CA6F77100F78E5A /* Main.storyboard */; };
		EAB2C9DC1CA7208000F78E5A /* PAMUser.m in Sources */ = {isa = PBXBuildFile; fileRef = EAB2C9DB1CA7208000F78E5A /* PAMUser.m */; };
		EAB2C9DF1CA7398000F78E5A /* PAMUserTableViewCell.m in Sources */ = {isa = PBXBuildFile; fileRef = EAB2C9DE1CA7398000F78E5A /* PAMUserTableViewCell.m */; };
/* End PBXBuildFile section */

/* Begin PBXContainerItemProxy section */
		EA99223F1CA4766600AFBF07 /* PBXContainerItemProxy */ = {
			isa = PBXContainerItemProxy;
			containerPortal = EA99221D1CA4766600AFBF07 /* Project object */;
			proxyType = 1;
			remoteGlobalIDString = EA9922241CA4766600AFBF07;
			remoteInfo = MessengerFB;
		};
/* End PBXContainerItemProxy section */

/* Begin PBXFileReference section */
		0ACF3E487E84B10F6AAC600D /* Pods.debug.xcconfig */ = {isa = PBXFileReference; includeInIndex = 1; lastKnownFileType = text.xcconfig; name = Pods.debug.xcconfig; path = "Pods/Target Support Files/Pods/Pods.debug.xcconfig"; sourceTree = "<group>"; };
		9C76E511F5FDF4EB8141DC73 /* Pods.release.xcconfig */ = {isa = PBXFileReference; includeInIndex = 1; lastKnownFileType = text.xcconfig; name = Pods.release.xcconfig; path = "Pods/Target Support Files/Pods/Pods.release.xcconfig"; sourceTree = "<group>"; };
		A1E637E778CBD5B535F278E6 /* libPods.a */ = {isa = PBXFileReference; explicitFileType = archive.ar; includeInIndex = 0; path = libPods.a; sourceTree = BUILT_PRODUCTS_DIR; };
		EA3A27811CA4796B00F9DDDD /* FBSDKCoreKit.framework */ = {isa = PBXFileReference; lastKnownFileType = wrapper.framework; name = FBSDKCoreKit.framework; path = MessengerFB/FBFrameworks/FBSDKCoreKit.framework; sourceTree = "<group>"; };
		EA3A27841CA47A8A00F9DDDD /* FBSDKLoginKit.framework */ = {isa = PBXFileReference; lastKnownFileType = wrapper.framework; name = FBSDKLoginKit.framework; path = MessengerFB/FBFrameworks/FBSDKLoginKit.framework; sourceTree = "<group>"; };
		EA50A6D71CA47F6C00B6D63A /* Podfile */ = {isa = PBXFileReference; fileEncoding = 4; lastKnownFileType = text; name = Podfile; path = ../Podfile; sourceTree = "<group>"; xcLanguageSpecificationIdentifier = xcode.lang.ruby; };
		EA6530681CA82215006934EB /* PAMMessagerViewController.h */ = {isa = PBXFileReference; fileEncoding = 4; lastKnownFileType = sourcecode.c.h; path = PAMMessagerViewController.h; sourceTree = "<group>"; };
		EA6530691CA82215006934EB /* PAMMessagerViewController.m */ = {isa = PBXFileReference; fileEncoding = 4; lastKnownFileType = sourcecode.c.objc; path = PAMMessagerViewController.m; sourceTree = "<group>"; };
		EA9922251CA4766600AFBF07 /* MessengerFB.app */ = {isa = PBXFileReference; explicitFileType = wrapper.application; includeInIndex = 0; path = MessengerFB.app; sourceTree = BUILT_PRODUCTS_DIR; };
		EA9922291CA4766600AFBF07 /* Info.plist */ = {isa = PBXFileReference; lastKnownFileType = text.plist.xml; path = Info.plist; sourceTree = "<group>"; };
		EA99222A1CA4766600AFBF07 /* main.m */ = {isa = PBXFileReference; lastKnownFileType = sourcecode.c.objc; path = main.m; sourceTree = "<group>"; };
		EA99222C1CA4766600AFBF07 /* AppDelegate.h */ = {isa = PBXFileReference; lastKnownFileType = sourcecode.c.h; path = AppDelegate.h; sourceTree = "<group>"; };
		EA99222D1CA4766600AFBF07 /* AppDelegate.m */ = {isa = PBXFileReference; lastKnownFileType = sourcecode.c.objc; path = AppDelegate.m; sourceTree = "<group>"; };
		EA99222F1CA4766600AFBF07 /* PAMLoginViewController.h */ = {isa = PBXFileReference; lastKnownFileType = sourcecode.c.h; path = PAMLoginViewController.h; sourceTree = "<group>"; };
		EA9922301CA4766600AFBF07 /* PAMLoginViewController.m */ = {isa = PBXFileReference; lastKnownFileType = sourcecode.c.objc; path = PAMLoginViewController.m; sourceTree = "<group>"; };
		EA9922351CA4766600AFBF07 /* Images.xcassets */ = {isa = PBXFileReference; lastKnownFileType = folder.assetcatalog; path = Images.xcassets; sourceTree = "<group>"; };
		EA9922381CA4766600AFBF07 /* Base */ = {isa = PBXFileReference; lastKnownFileType = file.xib; name = Base; path = Base.lproj/LaunchScreen.xib; sourceTree = "<group>"; };
		EA99223E1CA4766600AFBF07 /* MessengerFBTests.xctest */ = {isa = PBXFileReference; explicitFileType = wrapper.cfbundle; includeInIndex = 0; path = MessengerFBTests.xctest; sourceTree = BUILT_PRODUCTS_DIR; };
		EA9922431CA4766600AFBF07 /* Info.plist */ = {isa = PBXFileReference; lastKnownFileType = text.plist.xml; path = Info.plist; sourceTree = "<group>"; };
		EA9922441CA4766600AFBF07 /* MessengerFBTests.m */ = {isa = PBXFileReference; lastKnownFileType = sourcecode.c.objc; path = MessengerFBTests.m; sourceTree = "<group>"; };
		EAB2C9D41CA6E8EC00F78E5A /* PAMUsersTableViewController.h */ = {isa = PBXFileReference; fileEncoding = 4; lastKnownFileType = sourcecode.c.h; path = PAMUsersTableViewController.h; sourceTree = "<group>"; };
		EAB2C9D51CA6E8EC00F78E5A /* PAMUsersTableViewController.m */ = {isa = PBXFileReference; fileEncoding = 4; lastKnownFileType = sourcecode.c.objc; path = PAMUsersTableViewController.m; sourceTree = "<group>"; };
		EAB2C9D81CA6F77100F78E5A /* Base */ = {isa = PBXFileReference; lastKnownFileType = file.storyboard; name = Base; path = Base.lproj/Main.storyboard; sourceTree = "<group>"; };
		EAB2C9DA1CA7208000F78E5A /* PAMUser.h */ = {isa = PBXFileReference; fileEncoding = 4; lastKnownFileType = sourcecode.c.h; path = PAMUser.h; sourceTree = "<group>"; };
		EAB2C9DB1CA7208000F78E5A /* PAMUser.m */ = {isa = PBXFileReference; fileEncoding = 4; lastKnownFileType = sourcecode.c.objc; path = PAMUser.m; sourceTree = "<group>"; };
		EAB2C9DD1CA7398000F78E5A /* PAMUserTableViewCell.h */ = {isa = PBXFileReference; fileEncoding = 4; lastKnownFileType = sourcecode.c.h; path = PAMUserTableViewCell.h; sourceTree = "<group>"; };
		EAB2C9DE1CA7398000F78E5A /* PAMUserTableViewCell.m */ = {isa = PBXFileReference; fileEncoding = 4; lastKnownFileType = sourcecode.c.objc; path = PAMUserTableViewCell.m; sourceTree = "<group>"; };
/* End PBXFileReference section */

/* Begin PBXFrameworksBuildPhase section */
		EA9922221CA4766600AFBF07 /* Frameworks */ = {
			isa = PBXFrameworksBuildPhase;
			buildActionMask = 2147483647;
			files = (
				EA3A27851CA47A8A00F9DDDD /* FBSDKLoginKit.framework in Frameworks */,
				EA3A27821CA4796B00F9DDDD /* FBSDKCoreKit.framework in Frameworks */,
				178EA317DA2466A1B9020D9C /* libPods.a in Frameworks */,
			);
			runOnlyForDeploymentPostprocessing = 0;
		};
		EA99223B1CA4766600AFBF07 /* Frameworks */ = {
			isa = PBXFrameworksBuildPhase;
			buildActionMask = 2147483647;
			files = (
				EA3A27861CA47A8A00F9DDDD /* FBSDKLoginKit.framework in Frameworks */,
				EA3A27831CA4796B00F9DDDD /* FBSDKCoreKit.framework in Frameworks */,
			);
			runOnlyForDeploymentPostprocessing = 0;
		};
/* End PBXFrameworksBuildPhase section */

/* Begin PBXGroup section */
		0DFCA2A9A5D782BAE6AEAC89 /* Frameworks */ = {
			isa = PBXGroup;
			children = (
				A1E637E778CBD5B535F278E6 /* libPods.a */,
			);
			name = Frameworks;
			sourceTree = "<group>";
		};
		A8D822B7E8CC8FD589320576 /* Pods */ = {
			isa = PBXGroup;
			children = (
				0ACF3E487E84B10F6AAC600D /* Pods.debug.xcconfig */,
				9C76E511F5FDF4EB8141DC73 /* Pods.release.xcconfig */,
			);
			name = Pods;
			sourceTree = "<group>";
		};
		EA3A27801CA4795800F9DDDD /* FBFrameworks */ = {
			isa = PBXGroup;
			children = (
				EA3A27841CA47A8A00F9DDDD /* FBSDKLoginKit.framework */,
				EA3A27811CA4796B00F9DDDD /* FBSDKCoreKit.framework */,
			);
			name = FBFrameworks;
			sourceTree = "<group>";
		};
		EA99221C1CA4766600AFBF07 = {
			isa = PBXGroup;
			children = (
				EA3A27801CA4795800F9DDDD /* FBFrameworks */,
				EA9922271CA4766600AFBF07 /* MessengerFB */,
				EA9922411CA4766600AFBF07 /* MessengerFBTests */,
				EA9922261CA4766600AFBF07 /* Products */,
				A8D822B7E8CC8FD589320576 /* Pods */,
				0DFCA2A9A5D782BAE6AEAC89 /* Frameworks */,
			);
			sourceTree = "<group>";
		};
		EA9922261CA4766600AFBF07 /* Products */ = {
			isa = PBXGroup;
			children = (
				EA9922251CA4766600AFBF07 /* MessengerFB.app */,
				EA99223E1CA4766600AFBF07 /* MessengerFBTests.xctest */,
			);
			name = Products;
			sourceTree = "<group>";
		};
		EA9922271CA4766600AFBF07 /* MessengerFB */ = {
			isa = PBXGroup;
			children = (
				EA99222C1CA4766600AFBF07 /* AppDelegate.h */,
				EA99222D1CA4766600AFBF07 /* AppDelegate.m */,
				EAE17F381CA7FC7700B37F33 /* Models */,
				EA9A4DFD1CAB09C800E0F552 /* Controllers */,
				EAE17F371CA7FC3200B37F33 /* Storyboards */,
				EA9922281CA4766600AFBF07 /* Supporting Files */,
			);
			path = MessengerFB;
			sourceTree = "<group>";
		};
		EA9922281CA4766600AFBF07 /* Supporting Files */ = {
			isa = PBXGroup;
			children = (
				EA9922351CA4766600AFBF07 /* Images.xcassets */,
				EA50A6D71CA47F6C00B6D63A /* Podfile */,
				EA9922291CA4766600AFBF07 /* Info.plist */,
				EA99222A1CA4766600AFBF07 /* main.m */,
			);
			name = "Supporting Files";
			sourceTree = "<group>";
		};
		EA9922411CA4766600AFBF07 /* MessengerFBTests */ = {
			isa = PBXGroup;
			children = (
				EA9922441CA4766600AFBF07 /* MessengerFBTests.m */,
				EA9922421CA4766600AFBF07 /* Supporting Files */,
			);
			path = MessengerFBTests;
			sourceTree = "<group>";
		};
		EA9922421CA4766600AFBF07 /* Supporting Files */ = {
			isa = PBXGroup;
			children = (
				EA9922431CA4766600AFBF07 /* Info.plist */,
			);
			name = "Supporting Files";
			sourceTree = "<group>";
		};
		EA9A4DFD1CAB09C800E0F552 /* Controllers */ = {
			isa = PBXGroup;
			children = (
				EA99222F1CA4766600AFBF07 /* PAMLoginViewController.h */,
				EA9922301CA4766600AFBF07 /* PAMLoginViewController.m */,
				EA6530681CA82215006934EB /* PAMMessagerViewController.h */,
				EA6530691CA82215006934EB /* PAMMessagerViewController.m */,
				EAE17F361CA7FC0900B37F33 /* TableViewWithUsers */,
			);
			name = Controllers;
			sourceTree = "<group>";
		};
		EAE17F361CA7FC0900B37F33 /* TableViewWithUsers */ = {
			isa = PBXGroup;
			children = (
				EAB2C9DD1CA7398000F78E5A /* PAMUserTableViewCell.h */,
				EAB2C9DE1CA7398000F78E5A /* PAMUserTableViewCell.m */,
				EAB2C9D41CA6E8EC00F78E5A /* PAMUsersTableViewController.h */,
				EAB2C9D51CA6E8EC00F78E5A /* PAMUsersTableViewController.m */,
			);
			name = TableViewWithUsers;
			sourceTree = "<group>";
		};
		EAE17F371CA7FC3200B37F33 /* Storyboards */ = {
			isa = PBXGroup;
			children = (
				EAB2C9D71CA6F77100F78E5A /* Main.storyboard */,
				EA9922371CA4766600AFBF07 /* LaunchScreen.xib */,
			);
			name = Storyboards;
			sourceTree = "<group>";
		};
		EAE17F381CA7FC7700B37F33 /* Models */ = {
			isa = PBXGroup;
			children = (
				EAB2C9DA1CA7208000F78E5A /* PAMUser.h */,
				EAB2C9DB1CA7208000F78E5A /* PAMUser.m */,
			);
			name = Models;
			sourceTree = "<group>";
		};
/* End PBXGroup section */

/* Begin PBXNativeTarget section */
		EA9922241CA4766600AFBF07 /* MessengerFB */ = {
			isa = PBXNativeTarget;
			buildConfigurationList = EA9922481CA4766600AFBF07 /* Build configuration list for PBXNativeTarget "MessengerFB" */;
			buildPhases = (
				C04267951C57686D6EFF1FB9 /* Check Pods Manifest.lock */,
				EA9922211CA4766600AFBF07 /* Sources */,
				EA9922221CA4766600AFBF07 /* Frameworks */,
				EA9922231CA4766600AFBF07 /* Resources */,
				62219452A7BB5B34C54ACA3C /* Embed Pods Frameworks */,
				D6DBA0F049CCBEDC77A357D1 /* Copy Pods Resources */,
			);
			buildRules = (
			);
			dependencies = (
			);
			name = MessengerFB;
			productName = MessengerFB;
			productReference = EA9922251CA4766600AFBF07 /* MessengerFB.app */;
			productType = "com.apple.product-type.application";
		};
		EA99223D1CA4766600AFBF07 /* MessengerFBTests */ = {
			isa = PBXNativeTarget;
			buildConfigurationList = EA99224B1CA4766600AFBF07 /* Build configuration list for PBXNativeTarget "MessengerFBTests" */;
			buildPhases = (
				EA99223A1CA4766600AFBF07 /* Sources */,
				EA99223B1CA4766600AFBF07 /* Frameworks */,
				EA99223C1CA4766600AFBF07 /* Resources */,
			);
			buildRules = (
			);
			dependencies = (
				EA9922401CA4766600AFBF07 /* PBXTargetDependency */,
			);
			name = MessengerFBTests;
			productName = MessengerFBTests;
			productReference = EA99223E1CA4766600AFBF07 /* MessengerFBTests.xctest */;
			productType = "com.apple.product-type.bundle.unit-test";
		};
/* End PBXNativeTarget section */

/* Begin PBXProject section */
		EA99221D1CA4766600AFBF07 /* Project object */ = {
			isa = PBXProject;
			attributes = {
				LastUpgradeCheck = 0610;
				ORGANIZATIONNAME = Antonpetrovmak;
				TargetAttributes = {
					EA9922241CA4766600AFBF07 = {
						CreatedOnToolsVersion = 6.1;
					};
					EA99223D1CA4766600AFBF07 = {
						CreatedOnToolsVersion = 6.1;
						TestTargetID = EA9922241CA4766600AFBF07;
					};
				};
			};
			buildConfigurationList = EA9922201CA4766600AFBF07 /* Build configuration list for PBXProject "MessengerFB" */;
			compatibilityVersion = "Xcode 3.2";
			developmentRegion = English;
			hasScannedForEncodings = 0;
			knownRegions = (
				en,
				Base,
			);
			mainGroup = EA99221C1CA4766600AFBF07;
			productRefGroup = EA9922261CA4766600AFBF07 /* Products */;
			projectDirPath = "";
			projectRoot = "";
			targets = (
				EA9922241CA4766600AFBF07 /* MessengerFB */,
				EA99223D1CA4766600AFBF07 /* MessengerFBTests */,
			);
		};
/* End PBXProject section */

/* Begin PBXResourcesBuildPhase section */
		EA9922231CA4766600AFBF07 /* Resources */ = {
			isa = PBXResourcesBuildPhase;
			buildActionMask = 2147483647;
			files = (
				EA9922391CA4766600AFBF07 /* LaunchScreen.xib in Resources */,
				EA50A6D81CA47F6C00B6D63A /* Podfile in Resources */,
				EA9922361CA4766600AFBF07 /* Images.xcassets in Resources */,
				EAB2C9D91CA6F77100F78E5A /* Main.storyboard in Resources */,
			);
			runOnlyForDeploymentPostprocessing = 0;
		};
		EA99223C1CA4766600AFBF07 /* Resources */ = {
			isa = PBXResourcesBuildPhase;
			buildActionMask = 2147483647;
			files = (
			);
			runOnlyForDeploymentPostprocessing = 0;
		};
/* End PBXResourcesBuildPhase section */

/* Begin PBXShellScriptBuildPhase section */
		62219452A7BB5B34C54ACA3C /* Embed Pods Frameworks */ = {
			isa = PBXShellScriptBuildPhase;
			buildActionMask = 2147483647;
			files = (
			);
			inputPaths = (
			);
			name = "Embed Pods Frameworks";
			outputPaths = (
			);
			runOnlyForDeploymentPostprocessing = 0;
			shellPath = /bin/sh;
			shellScript = "\"${SRCROOT}/Pods/Target Support Files/Pods/Pods-frameworks.sh\"\n";
			showEnvVarsInLog = 0;
		};
		C04267951C57686D6EFF1FB9 /* Check Pods Manifest.lock */ = {
			isa = PBXShellScriptBuildPhase;
			buildActionMask = 2147483647;
			files = (
			);
			inputPaths = (
			);
			name = "Check Pods Manifest.lock";
			outputPaths = (
			);
			runOnlyForDeploymentPostprocessing = 0;
			shellPath = /bin/sh;
			shellScript = "diff \"${PODS_ROOT}/../Podfile.lock\" \"${PODS_ROOT}/Manifest.lock\" > /dev/null\nif [[ $? != 0 ]] ; then\n    cat << EOM\nerror: The sandbox is not in sync with the Podfile.lock. Run 'pod install' or update your CocoaPods installation.\nEOM\n    exit 1\nfi\n";
			showEnvVarsInLog = 0;
		};
		D6DBA0F049CCBEDC77A357D1 /* Copy Pods Resources */ = {
			isa = PBXShellScriptBuildPhase;
			buildActionMask = 2147483647;
			files = (
			);
			inputPaths = (
			);
			name = "Copy Pods Resources";
			outputPaths = (
			);
			runOnlyForDeploymentPostprocessing = 0;
			shellPath = /bin/sh;
			shellScript = "\"${SRCROOT}/Pods/Target Support Files/Pods/Pods-resources.sh\"\n";
			showEnvVarsInLog = 0;
		};
/* End PBXShellScriptBuildPhase section */

/* Begin PBXSourcesBuildPhase section */
		EA9922211CA4766600AFBF07 /* Sources */ = {
			isa = PBXSourcesBuildPhase;
			buildActionMask = 2147483647;
			files = (
				EAB2C9DC1CA7208000F78E5A /* PAMUser.m in Sources */,
				EA9922311CA4766600AFBF07 /* PAMLoginViewController.m in Sources */,
				EA99222E1CA4766600AFBF07 /* AppDelegate.m in Sources */,
				EA99222B1CA4766600AFBF07 /* main.m in Sources */,
				EAB2C9D61CA6E8EC00F78E5A /* PAMUsersTableViewController.m in Sources */,
				EA65306A1CA82215006934EB /* PAMMessagerViewController.m in Sources */,
				EAB2C9DF1CA7398000F78E5A /* PAMUserTableViewCell.m in Sources */,
			);
			runOnlyForDeploymentPostprocessing = 0;
		};
		EA99223A1CA4766600AFBF07 /* Sources */ = {
			isa = PBXSourcesBuildPhase;
			buildActionMask = 2147483647;
			files = (
				EA9922451CA4766600AFBF07 /* MessengerFBTests.m in Sources */,
			);
			runOnlyForDeploymentPostprocessing = 0;
		};
/* End PBXSourcesBuildPhase section */

/* Begin PBXTargetDependency section */
		EA9922401CA4766600AFBF07 /* PBXTargetDependency */ = {
			isa = PBXTargetDependency;
			target = EA9922241CA4766600AFBF07 /* MessengerFB */;
			targetProxy = EA99223F1CA4766600AFBF07 /* PBXContainerItemProxy */;
		};
/* End PBXTargetDependency section */

/* Begin PBXVariantGroup section */
		EA9922371CA4766600AFBF07 /* LaunchScreen.xib */ = {
			isa = PBXVariantGroup;
			children = (
				EA9922381CA4766600AFBF07 /* Base */,
			);
			name = LaunchScreen.xib;
			sourceTree = "<group>";
		};
		EAB2C9D71CA6F77100F78E5A /* Main.storyboard */ = {
			isa = PBXVariantGroup;
			children = (
				EAB2C9D81CA6F77100F78E5A /* Base */,
			);
			name = Main.storyboard;
			sourceTree = "<group>";
		};
/* End PBXVariantGroup section */

/* Begin XCBuildConfiguration section */
		EA9922461CA4766600AFBF07 /* Debug */ = {
			isa = XCBuildConfiguration;
			buildSettings = {
				ALWAYS_SEARCH_USER_PATHS = NO;
				CLANG_CXX_LANGUAGE_STANDARD = "gnu++0x";
				CLANG_CXX_LIBRARY = "libc++";
				CLANG_ENABLE_MODULES = YES;
				CLANG_ENABLE_OBJC_ARC = YES;
				CLANG_WARN_BOOL_CONVERSION = YES;
				CLANG_WARN_CONSTANT_CONVERSION = YES;
				CLANG_WARN_DIRECT_OBJC_ISA_USAGE = YES_ERROR;
				CLANG_WARN_EMPTY_BODY = YES;
				CLANG_WARN_ENUM_CONVERSION = YES;
				CLANG_WARN_INT_CONVERSION = YES;
				CLANG_WARN_OBJC_ROOT_CLASS = YES_ERROR;
				CLANG_WARN_UNREACHABLE_CODE = YES;
				CLANG_WARN__DUPLICATE_METHOD_MATCH = YES;
				"CODE_SIGN_IDENTITY[sdk=iphoneos*]" = "iPhone Developer";
				COPY_PHASE_STRIP = NO;
				ENABLE_STRICT_OBJC_MSGSEND = YES;
				GCC_C_LANGUAGE_STANDARD = gnu99;
				GCC_DYNAMIC_NO_PIC = NO;
				GCC_OPTIMIZATION_LEVEL = 0;
				GCC_PREPROCESSOR_DEFINITIONS = (
					"DEBUG=1",
					"$(inherited)",
				);
				GCC_SYMBOLS_PRIVATE_EXTERN = NO;
				GCC_WARN_64_TO_32_BIT_CONVERSION = YES;
				GCC_WARN_ABOUT_RETURN_TYPE = YES_ERROR;
				GCC_WARN_UNDECLARED_SELECTOR = YES;
				GCC_WARN_UNINITIALIZED_AUTOS = YES_AGGRESSIVE;
				GCC_WARN_UNUSED_FUNCTION = YES;
				GCC_WARN_UNUSED_VARIABLE = YES;
				IPHONEOS_DEPLOYMENT_TARGET = 8.1;
				MTL_ENABLE_DEBUG_INFO = YES;
				ONLY_ACTIVE_ARCH = YES;
				SDKROOT = iphoneos;
			};
			name = Debug;
		};
		EA9922471CA4766600AFBF07 /* Release */ = {
			isa = XCBuildConfiguration;
			buildSettings = {
				ALWAYS_SEARCH_USER_PATHS = NO;
				CLANG_CXX_LANGUAGE_STANDARD = "gnu++0x";
				CLANG_CXX_LIBRARY = "libc++";
				CLANG_ENABLE_MODULES = YES;
				CLANG_ENABLE_OBJC_ARC = YES;
				CLANG_WARN_BOOL_CONVERSION = YES;
				CLANG_WARN_CONSTANT_CONVERSION = YES;
				CLANG_WARN_DIRECT_OBJC_ISA_USAGE = YES_ERROR;
				CLANG_WARN_EMPTY_BODY = YES;
				CLANG_WARN_ENUM_CONVERSION = YES;
				CLANG_WARN_INT_CONVERSION = YES;
				CLANG_WARN_OBJC_ROOT_CLASS = YES_ERROR;
				CLANG_WARN_UNREACHABLE_CODE = YES;
				CLANG_WARN__DUPLICATE_METHOD_MATCH = YES;
				"CODE_SIGN_IDENTITY[sdk=iphoneos*]" = "iPhone Developer";
				COPY_PHASE_STRIP = YES;
				ENABLE_NS_ASSERTIONS = NO;
				ENABLE_STRICT_OBJC_MSGSEND = YES;
				GCC_C_LANGUAGE_STANDARD = gnu99;
				GCC_WARN_64_TO_32_BIT_CONVERSION = YES;
				GCC_WARN_ABOUT_RETURN_TYPE = YES_ERROR;
				GCC_WARN_UNDECLARED_SELECTOR = YES;
				GCC_WARN_UNINITIALIZED_AUTOS = YES_AGGRESSIVE;
				GCC_WARN_UNUSED_FUNCTION = YES;
				GCC_WARN_UNUSED_VARIABLE = YES;
				IPHONEOS_DEPLOYMENT_TARGET = 8.1;
				MTL_ENABLE_DEBUG_INFO = NO;
				SDKROOT = iphoneos;
				VALIDATE_PRODUCT = YES;
			};
			name = Release;
		};
		EA9922491CA4766600AFBF07 /* Debug */ = {
			isa = XCBuildConfiguration;
			baseConfigurationReference = 0ACF3E487E84B10F6AAC600D /* Pods.debug.xcconfig */;
			buildSettings = {
				ASSETCATALOG_COMPILER_APPICON_NAME = AppIcon;
				FRAMEWORK_SEARCH_PATHS = "$(PROJECT_DIR)/MessengerFB/FBFrameworks";
				INFOPLIST_FILE = MessengerFB/Info.plist;
				IPHONEOS_DEPLOYMENT_TARGET = 8.1;
				LD_RUNPATH_SEARCH_PATHS = "$(inherited) @executable_path/Frameworks";
				PRODUCT_NAME = "$(TARGET_NAME)";
				TARGETED_DEVICE_FAMILY = 1;
			};
			name = Debug;
		};
		EA99224A1CA4766600AFBF07 /* Release */ = {
			isa = XCBuildConfiguration;
			baseConfigurationReference = 9C76E511F5FDF4EB8141DC73 /* Pods.release.xcconfig */;
			buildSettings = {
				ASSETCATALOG_COMPILER_APPICON_NAME = AppIcon;
				FRAMEWORK_SEARCH_PATHS = "$(PROJECT_DIR)/MessengerFB/FBFrameworks";
				INFOPLIST_FILE = MessengerFB/Info.plist;
				IPHONEOS_DEPLOYMENT_TARGET = 8.1;
				LD_RUNPATH_SEARCH_PATHS = "$(inherited) @executable_path/Frameworks";
				PRODUCT_NAME = "$(TARGET_NAME)";
				TARGETED_DEVICE_FAMILY = 1;
			};
			name = Release;
		};
		EA99224C1CA4766600AFBF07 /* Debug */ = {
			isa = XCBuildConfiguration;
			buildSettings = {
				BUNDLE_LOADER = "$(TEST_HOST)";
				FRAMEWORK_SEARCH_PATHS = (
					"$(SDKROOT)/Developer/Library/Frameworks",
					"$(inherited)",
					"$(PROJECT_DIR)/MessengerFB/FBFrameworks",
				);
				GCC_PREPROCESSOR_DEFINITIONS = (
					"DEBUG=1",
					"$(inherited)",
				);
				INFOPLIST_FILE = MessengerFBTests/Info.plist;
				LD_RUNPATH_SEARCH_PATHS = "$(inherited) @executable_path/Frameworks @loader_path/Frameworks";
				PRODUCT_NAME = "$(TARGET_NAME)";
				TEST_HOST = "$(BUILT_PRODUCTS_DIR)/MessengerFB.app/MessengerFB";
			};
			name = Debug;
		};
		EA99224D1CA4766600AFBF07 /* Release */ = {
			isa = XCBuildConfiguration;
			buildSettings = {
				BUNDLE_LOADER = "$(TEST_HOST)";
				FRAMEWORK_SEARCH_PATHS = (
					"$(SDKROOT)/Developer/Library/Frameworks",
					"$(inherited)",
					"$(PROJECT_DIR)/MessengerFB/FBFrameworks",
				);
				INFOPLIST_FILE = MessengerFBTests/Info.plist;
				LD_RUNPATH_SEARCH_PATHS = "$(inherited) @executable_path/Frameworks @loader_path/Frameworks";
				PRODUCT_NAME = "$(TARGET_NAME)";
				TEST_HOST = "$(BUILT_PRODUCTS_DIR)/MessengerFB.app/MessengerFB";
			};
			name = Release;
		};
/* End XCBuildConfiguration section */

/* Begin XCConfigurationList section */
		EA9922201CA4766600AFBF07 /* Build configuration list for PBXProject "MessengerFB" */ = {
			isa = XCConfigurationList;
			buildConfigurations = (
				EA9922461CA4766600AFBF07 /* Debug */,
				EA9922471CA4766600AFBF07 /* Release */,
			);
			defaultConfigurationIsVisible = 0;
			defaultConfigurationName = Release;
		};
		EA9922481CA4766600AFBF07 /* Build configuration list for PBXNativeTarget "MessengerFB" */ = {
			isa = XCConfigurationList;
			buildConfigurations = (
				EA9922491CA4766600AFBF07 /* Debug */,
				EA99224A1CA4766600AFBF07 /* Release */,
			);
			defaultConfigurationIsVisible = 0;
			defaultConfigurationName = Release;
		};
		EA99224B1CA4766600AFBF07 /* Build configuration list for PBXNativeTarget "MessengerFBTests" */ = {
			isa = XCConfigurationList;
			buildConfigurations = (
				EA99224C1CA4766600AFBF07 /* Debug */,
				EA99224D1CA4766600AFBF07 /* Release */,
			);
			defaultConfigurationIsVisible = 0;
			defaultConfigurationName = Release;
		};
/* End XCConfigurationList section */
	};
	rootObject = EA99221D1CA4766600AFBF07 /* Project object */;
}
